
Microsoft Visual Studio Solution File, Format Version 12.00
Project("{FAE04EC0-301F-11D3-BF4B-00C04F79EFBC}") = "MultipleVerbMinimalApi", "MultipleVerbMinimalApi.csproj", "{092B5864-9DFC-4913-BCA5-9DF81E4260D5}"
EndProject
Global
	GlobalSection(SolutionConfigurationPlatforms) = preSolution
		Debug|Any CPU = Debug|Any CPU
		Release|Any CPU = Release|Any CPU
	EndGlobalSection
	GlobalSection(ProjectConfigurationPlatforms) = postSolution
		{092B5864-9DFC-4913-BCA5-9DF81E4260D5}.Debug|Any CPU.ActiveCfg = Debug|Any CPU
		{092B5864-9DFC-4913-BCA5-9DF81E4260D5}.Debug|Any CPU.Build.0 = Debug|Any CPU
		{092B5864-9DFC-4913-BCA5-9DF81E4260D5}.Release|Any CPU.ActiveCfg = Release|Any CPU
		{092B5864-9DFC-4913-BCA5-9DF81E4260D5}.Release|Any CPU.Build.0 = Release|Any CPU
	EndGlobalSection
EndGlobal
